
Microsoft Visual Studio Solution File, Format Version 12.00
# Visual Studio 2013
Project("{FAE04EC0-301F-11D3-BF4B-00C04F79EFBC}") = "UnityVS.JogaCopter.CSharp", "UnityVS.JogaCopter.CSharp.csproj", "{5973515C-5E66-0AEE-BB78-CE1BB09FAD26}"
EndProject
Project("{FAE04EC0-301F-11D3-BF4B-00C04F79EFBC}") = "UnityVS.JogaCopter.CSharp.Editor", "UnityVS.JogaCopter.CSharp.Editor.csproj", "{D990A964-6011-CD60-960F-22FCC6FC993A}"
EndProject
Project("{FAE04EC0-301F-11D3-BF4B-00C04F79EFBC}") = "UnityVS.JogaCopter.CSharp.Plugins", "UnityVS.JogaCopter.CSharp.Plugins.csproj", "{B57025B5-06E1-CD12-DDF3-4D666D52038B}"
EndProject
Global
	GlobalSection(SolutionConfigurationPlatforms) = preSolution
		Debug|Any CPU = Debug|Any CPU
		Release|Any CPU = Release|Any CPU
	EndGlobalSection
	GlobalSection(ProjectConfigurationPlatforms) = postSolution
		{5973515C-5E66-0AEE-BB78-CE1BB09FAD26}.Debug|Any CPU.ActiveCfg = Debug|Any CPU
		{5973515C-5E66-0AEE-BB78-CE1BB09FAD26}.Debug|Any CPU.Build.0 = Debug|Any CPU
		{5973515C-5E66-0AEE-BB78-CE1BB09FAD26}.Release|Any CPU.ActiveCfg = Release|Any CPU
		{5973515C-5E66-0AEE-BB78-CE1BB09FAD26}.Release|Any CPU.Build.0 = Release|Any CPU
		{D990A964-6011-CD60-960F-22FCC6FC993A}.Debug|Any CPU.ActiveCfg = Debug|Any CPU
		{D990A964-6011-CD60-960F-22FCC6FC993A}.Debug|Any CPU.Build.0 = Debug|Any CPU
		{D990A964-6011-CD60-960F-22FCC6FC993A}.Release|Any CPU.ActiveCfg = Release|Any CPU
		{D990A964-6011-CD60-960F-22FCC6FC993A}.Release|Any CPU.Build.0 = Release|Any CPU
		{B57025B5-06E1-CD12-DDF3-4D666D52038B}.Debug|Any CPU.ActiveCfg = Debug|Any CPU
		{B57025B5-06E1-CD12-DDF3-4D666D52038B}.Debug|Any CPU.Build.0 = Debug|Any CPU
		{B57025B5-06E1-CD12-DDF3-4D666D52038B}.Release|Any CPU.ActiveCfg = Release|Any CPU
		{B57025B5-06E1-CD12-DDF3-4D666D52038B}.Release|Any CPU.Build.0 = Release|Any CPU
	EndGlobalSection
	GlobalSection(SolutionProperties) = preSolution
		HideSolutionNode = FALSE
	EndGlobalSection
EndGlobal
